{
  "name": "learntypescript",
  "version": "1.0.0",
  "lockfileVersion": 1,
  "requires": true,
  "dependencies": {
    "typescript": {
      "version": "2.9.0-dev.20180403",
      "resolved": "https://registry.npmjs.org/typescript/-/typescript-2.9.0-dev.20180403.tgz",
      "integrity": "sha512-RsqEH06pfGHHCAu9crY8LcqLTNGhJCOqDbnuAlK+qPB4KtsFQjaN6Bywrj/J2FEuRfJGow2nkoHA24WOFovjMg==",
      "dev": true
    }
  }
}
